
Microsoft Visual Studio Solution File, Format Version 12.00
# Visual Studio Version 17
VisualStudioVersion = 17.0.31521.260
MinimumVisualStudioVersion = 10.0.40219.1
Project("{9A19103F-16F7-4668-BE54-9A1E7A4F7556}") = "Wibblr.InstantSearch", "Wibblr.InstantSearch\Wibblr.InstantSearch.csproj", "{2D000E1C-F19A-4980-82B9-793BE1309E17}"
EndProject
Project("{9A19103F-16F7-4668-BE54-9A1E7A4F7556}") = "Wibblr.InstantSearch.Tests", "Wibblr.InstantSearch.Tests\Wibblr.InstantSearch.Tests.csproj", "{89D44BD7-BC4D-4BAC-9A15-B339002E28F7}"
EndProject
Project("{9A19103F-16F7-4668-BE54-9A1E7A4F7556}") = "Wibblr.InstantSearch.Benchmarks", "Wibblr.InstantSearch.Benchmarks\Wibblr.InstantSearch.Benchmarks.csproj", "{35070F99-4B82-4E1E-8521-EBF440960E0B}"
EndProject
Project("{9A19103F-16F7-4668-BE54-9A1E7A4F7556}") = "Wibblr.InstantSearch.Examples", "Wibblr.InstantSearch.Examples\Wibblr.InstantSearch.Examples.csproj", "{8779AC16-9D3C-4E54-B3BF-CE8F001B193D}"
EndProject
Project("{FAE04EC0-301F-11D3-BF4B-00C04F79EFBC}") = "Wibblr.InstantSearch.Engine", "Wibblr.InstantSearch.Engine\Wibblr.InstantSearch.Engine.csproj", "{72550B09-2B93-4176-9BCF-083B9BA2E11E}"
EndProject
Global
	GlobalSection(SolutionConfigurationPlatforms) = preSolution
		Debug|Any CPU = Debug|Any CPU
		Release|Any CPU = Release|Any CPU
	EndGlobalSection
	GlobalSection(ProjectConfigurationPlatforms) = postSolution
		{2D000E1C-F19A-4980-82B9-793BE1309E17}.Debug|Any CPU.ActiveCfg = Debug|Any CPU
		{2D000E1C-F19A-4980-82B9-793BE1309E17}.Debug|Any CPU.Build.0 = Debug|Any CPU
		{2D000E1C-F19A-4980-82B9-793BE1309E17}.Release|Any CPU.ActiveCfg = Release|Any CPU
		{2D000E1C-F19A-4980-82B9-793BE1309E17}.Release|Any CPU.Build.0 = Release|Any CPU
		{89D44BD7-BC4D-4BAC-9A15-B339002E28F7}.Debug|Any CPU.ActiveCfg = Debug|Any CPU
		{89D44BD7-BC4D-4BAC-9A15-B339002E28F7}.Debug|Any CPU.Build.0 = Debug|Any CPU
		{89D44BD7-BC4D-4BAC-9A15-B339002E28F7}.Release|Any CPU.ActiveCfg = Release|Any CPU
		{89D44BD7-BC4D-4BAC-9A15-B339002E28F7}.Release|Any CPU.Build.0 = Release|Any CPU
		{35070F99-4B82-4E1E-8521-EBF440960E0B}.Debug|Any CPU.ActiveCfg = Debug|Any CPU
		{35070F99-4B82-4E1E-8521-EBF440960E0B}.Debug|Any CPU.Build.0 = Debug|Any CPU
		{35070F99-4B82-4E1E-8521-EBF440960E0B}.Release|Any CPU.ActiveCfg = Release|Any CPU
		{35070F99-4B82-4E1E-8521-EBF440960E0B}.Release|Any CPU.Build.0 = Release|Any CPU
		{8779AC16-9D3C-4E54-B3BF-CE8F001B193D}.Debug|Any CPU.ActiveCfg = Debug|Any CPU
		{8779AC16-9D3C-4E54-B3BF-CE8F001B193D}.Debug|Any CPU.Build.0 = Debug|Any CPU
		{8779AC16-9D3C-4E54-B3BF-CE8F001B193D}.Release|Any CPU.ActiveCfg = Release|Any CPU
		{8779AC16-9D3C-4E54-B3BF-CE8F001B193D}.Release|Any CPU.Build.0 = Release|Any CPU
		{72550B09-2B93-4176-9BCF-083B9BA2E11E}.Debug|Any CPU.ActiveCfg = Debug|Any CPU
		{72550B09-2B93-4176-9BCF-083B9BA2E11E}.Debug|Any CPU.Build.0 = Debug|Any CPU
		{72550B09-2B93-4176-9BCF-083B9BA2E11E}.Release|Any CPU.ActiveCfg = Release|Any CPU
		{72550B09-2B93-4176-9BCF-083B9BA2E11E}.Release|Any CPU.Build.0 = Release|Any CPU
	EndGlobalSection
	GlobalSection(SolutionProperties) = preSolution
		HideSolutionNode = FALSE
	EndGlobalSection
	GlobalSection(ExtensibilityGlobals) = postSolution
		SolutionGuid = {41F56B5C-1E4A-4A7C-A82D-16BA316BCEBD}
	EndGlobalSection
EndGlobal
